
Microsoft Visual Studio Solution File, Format Version 12.00
# Visual Studio Version 16
VisualStudioVersion = 16.0.30011.22
MinimumVisualStudioVersion = 10.0.40219.1
Project("{151D2E53-A2C4-4D7D-83FE-D05416EBD58E}") = "AzureResourceGroup.Templates", "AzureResourceGroup.Templates\AzureResourceGroup.Templates.deployproj", "{2FD7549F-8276-4582-8CD4-280586CF2656}"
EndProject
Global
	GlobalSection(SolutionConfigurationPlatforms) = preSolution
		Debug|Any CPU = Debug|Any CPU
		Release|Any CPU = Release|Any CPU
	EndGlobalSection
	GlobalSection(ProjectConfigurationPlatforms) = postSolution
		{2FD7549F-8276-4582-8CD4-280586CF2656}.Debug|Any CPU.ActiveCfg = Debug|Any CPU
		{2FD7549F-8276-4582-8CD4-280586CF2656}.Debug|Any CPU.Build.0 = Debug|Any CPU
		{2FD7549F-8276-4582-8CD4-280586CF2656}.Release|Any CPU.ActiveCfg = Release|Any CPU
		{2FD7549F-8276-4582-8CD4-280586CF2656}.Release|Any CPU.Build.0 = Release|Any CPU
	EndGlobalSection
	GlobalSection(SolutionProperties) = preSolution
		HideSolutionNode = FALSE
	EndGlobalSection
	GlobalSection(ExtensibilityGlobals) = postSolution
		SolutionGuid = {B0772160-E179-401F-BC1F-4B39B2084371}
	EndGlobalSection
EndGlobal
